
Microsoft Visual Studio Solution File, Format Version 12.00
# Visual Studio 14
VisualStudioVersion = 14.0.25420.1
MinimumVisualStudioVersion = 10.0.40219.1
Project("{FAE04EC0-301F-11D3-BF4B-00C04F79EFBC}") = "01 Numbers from 1 to N", "01 Numbers from 1 to N\01 Numbers from 1 to N.csproj", "{84C77720-B6C6-41DF-9B37-40642FC5B896}"
EndProject
Project("{FAE04EC0-301F-11D3-BF4B-00C04F79EFBC}") = "02 Numbers Not Divisible by 3 and 7", "02 Numbers Not Divisible by 3 and 7\02 Numbers Not Divisible by 3 and 7.csproj", "{10C10C2E-1F00-4BE0-95D3-02EEF074772E}"
EndProject
Project("{FAE04EC0-301F-11D3-BF4B-00C04F79EFBC}") = "03 Min Max Sum and Average of N Numbers", "03 Min Max Sum and Average of N Numbers\03 Min Max Sum and Average of N Numbers.csproj", "{DE79E73C-7E2F-4AD9-B3D9-FA6AD75BD26C}"
EndProject
Project("{FAE04EC0-301F-11D3-BF4B-00C04F79EFBC}") = "04 Print a Deck of 52 Cards", "04 Print a Deck of 52 Cards\04 Print a Deck of 52 Cards.csproj", "{9674E776-074A-4708-972D-0A54EA1EC97B}"
EndProject
Global
	GlobalSection(SolutionConfigurationPlatforms) = preSolution
		Debug|Any CPU = Debug|Any CPU
		Release|Any CPU = Release|Any CPU
	EndGlobalSection
	GlobalSection(ProjectConfigurationPlatforms) = postSolution
		{84C77720-B6C6-41DF-9B37-40642FC5B896}.Debug|Any CPU.ActiveCfg = Release|Any CPU
		{84C77720-B6C6-41DF-9B37-40642FC5B896}.Debug|Any CPU.Build.0 = Release|Any CPU
		{84C77720-B6C6-41DF-9B37-40642FC5B896}.Release|Any CPU.ActiveCfg = Release|Any CPU
		{84C77720-B6C6-41DF-9B37-40642FC5B896}.Release|Any CPU.Build.0 = Release|Any CPU
		{10C10C2E-1F00-4BE0-95D3-02EEF074772E}.Debug|Any CPU.ActiveCfg = Release|Any CPU
		{10C10C2E-1F00-4BE0-95D3-02EEF074772E}.Debug|Any CPU.Build.0 = Release|Any CPU
		{10C10C2E-1F00-4BE0-95D3-02EEF074772E}.Release|Any CPU.ActiveCfg = Release|Any CPU
		{10C10C2E-1F00-4BE0-95D3-02EEF074772E}.Release|Any CPU.Build.0 = Release|Any CPU
		{DE79E73C-7E2F-4AD9-B3D9-FA6AD75BD26C}.Debug|Any CPU.ActiveCfg = Debug|Any CPU
		{DE79E73C-7E2F-4AD9-B3D9-FA6AD75BD26C}.Debug|Any CPU.Build.0 = Debug|Any CPU
		{DE79E73C-7E2F-4AD9-B3D9-FA6AD75BD26C}.Release|Any CPU.ActiveCfg = Release|Any CPU
		{DE79E73C-7E2F-4AD9-B3D9-FA6AD75BD26C}.Release|Any CPU.Build.0 = Release|Any CPU
		{9674E776-074A-4708-972D-0A54EA1EC97B}.Debug|Any CPU.ActiveCfg = Debug|Any CPU
		{9674E776-074A-4708-972D-0A54EA1EC97B}.Debug|Any CPU.Build.0 = Debug|Any CPU
		{9674E776-074A-4708-972D-0A54EA1EC97B}.Release|Any CPU.ActiveCfg = Release|Any CPU
		{9674E776-074A-4708-972D-0A54EA1EC97B}.Release|Any CPU.Build.0 = Release|Any CPU
	EndGlobalSection
	GlobalSection(SolutionProperties) = preSolution
		HideSolutionNode = FALSE
	EndGlobalSection
EndGlobal
