
Microsoft Visual Studio Solution File, Format Version 12.00
# Visual Studio 14
VisualStudioVersion = 14.0.25420.1
MinimumVisualStudioVersion = 10.0.40219.1
Project("{FAE04EC0-301F-11D3-BF4B-00C04F79EFBC}") = "01 Numbers from 1 to N", "01 Numbers from 1 to N\01 Numbers from 1 to N.csproj", "{84C77720-B6C6-41DF-9B37-40642FC5B896}"
EndProject
Project("{FAE04EC0-301F-11D3-BF4B-00C04F79EFBC}") = "02 Numbers Not Divisible by 3 and 7", "02 Numbers Not Divisible by 3 and 7\02 Numbers Not Divisible by 3 and 7.csproj", "{10C10C2E-1F00-4BE0-95D3-02EEF074772E}"
EndProject
Project("{FAE04EC0-301F-11D3-BF4B-00C04F79EFBC}") = "03 Min Max Sum and Average of N Numbers", "03 Min Max Sum and Average of N Numbers\03 Min Max Sum and Average of N Numbers.csproj", "{DE79E73C-7E2F-4AD9-B3D9-FA6AD75BD26C}"
EndProject
Project("{FAE04EC0-301F-11D3-BF4B-00C04F79EFBC}") = "04 Print a Deck of 52 Cards", "04 Print a Deck of 52 Cards\04 Print a Deck of 52 Cards.csproj", "{9674E776-074A-4708-972D-0A54EA1EC97B}"
EndProject
Project("{FAE04EC0-301F-11D3-BF4B-00C04F79EFBC}") = "05 Calculate nfakt over x", "05 Calculate nfakt over x\05 Calculate nfakt over x.csproj", "{33350C89-8EA3-49A3-BBD2-A18D9056FAD7}"
EndProject
Project("{FAE04EC0-301F-11D3-BF4B-00C04F79EFBC}") = "N Factorial", "ConsoleApplication1\N Factorial.csproj", "{A3422953-68D7-4776-8C15-B465BC276FAB}"
EndProject
Project("{FAE04EC0-301F-11D3-BF4B-00C04F79EFBC}") = "06 Calculate NfoverKf", "06 Calculate NfoverKf\06 Calculate NfoverKf.csproj", "{57FF562F-1A81-476B-A34E-B8273516D4FE}"
EndProject
Project("{FAE04EC0-301F-11D3-BF4B-00C04F79EFBC}") = "07 Calculate Combinatorics", "07 Calculate Combinatorics\07 Calculate Combinatorics.csproj", "{32C56997-FDBE-4C0A-AE49-20037073BF90}"
EndProject
Project("{FAE04EC0-301F-11D3-BF4B-00C04F79EFBC}") = "08 Catalan Numbers", "08 Catalan Numbers\08 Catalan Numbers.csproj", "{C66BA49B-66C5-4BD1-B80A-2D2B3D343CC5}"
EndProject
Project("{FAE04EC0-301F-11D3-BF4B-00C04F79EFBC}") = "09 Matrix of Numbers", "09 Matrix of Numbers\09 Matrix of Numbers.csproj", "{E3A49D1A-F0E4-4B21-BF5D-3D2466BBBCB8}"
EndProject
Project("{FAE04EC0-301F-11D3-BF4B-00C04F79EFBC}") = "10 Odd and Even Product", "10 Odd and Even Product\10 Odd and Even Product.csproj", "{7853CF38-753E-4E97-86A9-004243B99E06}"
EndProject
Project("{FAE04EC0-301F-11D3-BF4B-00C04F79EFBC}") = "11 Random Numbers in Given Range", "11 Random Numbers in Given Range\11 Random Numbers in Given Range.csproj", "{3E2B79BA-8EF1-4439-9BF1-E22698828689}"
EndProject
Project("{FAE04EC0-301F-11D3-BF4B-00C04F79EFBC}") = "12 Randomize the Numbers 1 to N", "12 Randomize the Numbers 1 to N\12 Randomize the Numbers 1 to N.csproj", "{BFA48A87-AE9C-487D-A9F2-8DE75F8B9352}"
EndProject
Project("{FAE04EC0-301F-11D3-BF4B-00C04F79EFBC}") = "13 Binary to Decimal Number", "13 Binary to Decimal Number\13 Binary to Decimal Number.csproj", "{F1E413C8-DF7A-4BE5-892F-E8AB45541084}"
EndProject
Project("{FAE04EC0-301F-11D3-BF4B-00C04F79EFBC}") = "14 Decimal to Binary Number", "14 Decimal to Binary Number\14 Decimal to Binary Number.csproj", "{3261F500-F326-4B5D-A175-1EF1681FF861}"
EndProject
Project("{FAE04EC0-301F-11D3-BF4B-00C04F79EFBC}") = "15 Hexadecimal to Decimal Number", "15 Hexadecimal to Decimal Number\15 Hexadecimal to Decimal Number.csproj", "{32D3AA37-ADC3-4F81-ABF7-52D01856D406}"
EndProject
Project("{FAE04EC0-301F-11D3-BF4B-00C04F79EFBC}") = "16 Decimal to Hexadecimal Number", "16 Decimal to Hexadecimal Number\16 Decimal to Hexadecimal Number.csproj", "{82EE9DFB-22AC-43B0-8C42-482AFC2E6D7D}"
EndProject
Project("{FAE04EC0-301F-11D3-BF4B-00C04F79EFBC}") = "17 Calculate GCD", "17 Calculate GCD\17 Calculate GCD.csproj", "{7EA4ED11-B8B6-42F0-81F5-328CD6B15224}"
EndProject
Project("{FAE04EC0-301F-11D3-BF4B-00C04F79EFBC}") = "18 Trailing Zeroes in Nfaktorial", "18 Trailing Zeroes in Nfaktorial\18 Trailing Zeroes in Nfaktorial.csproj", "{E4209DF1-5406-4A75-A5C8-1BA5F7121813}"
EndProject
Project("{FAE04EC0-301F-11D3-BF4B-00C04F79EFBC}") = "19 Spiral Matrix", "19 Spiral Matrix\19 Spiral Matrix.csproj", "{7FC67214-C589-4FDF-A13D-28A3634EF1E2}"
EndProject
Global
	GlobalSection(SolutionConfigurationPlatforms) = preSolution
		Debug|Any CPU = Debug|Any CPU
		Release|Any CPU = Release|Any CPU
	EndGlobalSection
	GlobalSection(ProjectConfigurationPlatforms) = postSolution
		{84C77720-B6C6-41DF-9B37-40642FC5B896}.Debug|Any CPU.ActiveCfg = Release|Any CPU
		{84C77720-B6C6-41DF-9B37-40642FC5B896}.Debug|Any CPU.Build.0 = Release|Any CPU
		{84C77720-B6C6-41DF-9B37-40642FC5B896}.Release|Any CPU.ActiveCfg = Release|Any CPU
		{84C77720-B6C6-41DF-9B37-40642FC5B896}.Release|Any CPU.Build.0 = Release|Any CPU
		{10C10C2E-1F00-4BE0-95D3-02EEF074772E}.Debug|Any CPU.ActiveCfg = Release|Any CPU
		{10C10C2E-1F00-4BE0-95D3-02EEF074772E}.Debug|Any CPU.Build.0 = Release|Any CPU
		{10C10C2E-1F00-4BE0-95D3-02EEF074772E}.Release|Any CPU.ActiveCfg = Release|Any CPU
		{10C10C2E-1F00-4BE0-95D3-02EEF074772E}.Release|Any CPU.Build.0 = Release|Any CPU
		{DE79E73C-7E2F-4AD9-B3D9-FA6AD75BD26C}.Debug|Any CPU.ActiveCfg = Debug|Any CPU
		{DE79E73C-7E2F-4AD9-B3D9-FA6AD75BD26C}.Debug|Any CPU.Build.0 = Debug|Any CPU
		{DE79E73C-7E2F-4AD9-B3D9-FA6AD75BD26C}.Release|Any CPU.ActiveCfg = Release|Any CPU
		{DE79E73C-7E2F-4AD9-B3D9-FA6AD75BD26C}.Release|Any CPU.Build.0 = Release|Any CPU
		{9674E776-074A-4708-972D-0A54EA1EC97B}.Debug|Any CPU.ActiveCfg = Debug|Any CPU
		{9674E776-074A-4708-972D-0A54EA1EC97B}.Debug|Any CPU.Build.0 = Debug|Any CPU
		{9674E776-074A-4708-972D-0A54EA1EC97B}.Release|Any CPU.ActiveCfg = Release|Any CPU
		{9674E776-074A-4708-972D-0A54EA1EC97B}.Release|Any CPU.Build.0 = Release|Any CPU
		{33350C89-8EA3-49A3-BBD2-A18D9056FAD7}.Debug|Any CPU.ActiveCfg = Debug|Any CPU
		{33350C89-8EA3-49A3-BBD2-A18D9056FAD7}.Debug|Any CPU.Build.0 = Debug|Any CPU
		{33350C89-8EA3-49A3-BBD2-A18D9056FAD7}.Release|Any CPU.ActiveCfg = Release|Any CPU
		{33350C89-8EA3-49A3-BBD2-A18D9056FAD7}.Release|Any CPU.Build.0 = Release|Any CPU
		{A3422953-68D7-4776-8C15-B465BC276FAB}.Debug|Any CPU.ActiveCfg = Debug|Any CPU
		{A3422953-68D7-4776-8C15-B465BC276FAB}.Debug|Any CPU.Build.0 = Debug|Any CPU
		{A3422953-68D7-4776-8C15-B465BC276FAB}.Release|Any CPU.ActiveCfg = Release|Any CPU
		{A3422953-68D7-4776-8C15-B465BC276FAB}.Release|Any CPU.Build.0 = Release|Any CPU
		{57FF562F-1A81-476B-A34E-B8273516D4FE}.Debug|Any CPU.ActiveCfg = Debug|Any CPU
		{57FF562F-1A81-476B-A34E-B8273516D4FE}.Debug|Any CPU.Build.0 = Debug|Any CPU
		{57FF562F-1A81-476B-A34E-B8273516D4FE}.Release|Any CPU.ActiveCfg = Release|Any CPU
		{57FF562F-1A81-476B-A34E-B8273516D4FE}.Release|Any CPU.Build.0 = Release|Any CPU
		{32C56997-FDBE-4C0A-AE49-20037073BF90}.Debug|Any CPU.ActiveCfg = Debug|Any CPU
		{32C56997-FDBE-4C0A-AE49-20037073BF90}.Debug|Any CPU.Build.0 = Debug|Any CPU
		{32C56997-FDBE-4C0A-AE49-20037073BF90}.Release|Any CPU.ActiveCfg = Release|Any CPU
		{32C56997-FDBE-4C0A-AE49-20037073BF90}.Release|Any CPU.Build.0 = Release|Any CPU
		{C66BA49B-66C5-4BD1-B80A-2D2B3D343CC5}.Debug|Any CPU.ActiveCfg = Debug|Any CPU
		{C66BA49B-66C5-4BD1-B80A-2D2B3D343CC5}.Debug|Any CPU.Build.0 = Debug|Any CPU
		{C66BA49B-66C5-4BD1-B80A-2D2B3D343CC5}.Release|Any CPU.ActiveCfg = Release|Any CPU
		{C66BA49B-66C5-4BD1-B80A-2D2B3D343CC5}.Release|Any CPU.Build.0 = Release|Any CPU
		{E3A49D1A-F0E4-4B21-BF5D-3D2466BBBCB8}.Debug|Any CPU.ActiveCfg = Debug|Any CPU
		{E3A49D1A-F0E4-4B21-BF5D-3D2466BBBCB8}.Debug|Any CPU.Build.0 = Debug|Any CPU
		{E3A49D1A-F0E4-4B21-BF5D-3D2466BBBCB8}.Release|Any CPU.ActiveCfg = Release|Any CPU
		{E3A49D1A-F0E4-4B21-BF5D-3D2466BBBCB8}.Release|Any CPU.Build.0 = Release|Any CPU
		{7853CF38-753E-4E97-86A9-004243B99E06}.Debug|Any CPU.ActiveCfg = Debug|Any CPU
		{7853CF38-753E-4E97-86A9-004243B99E06}.Debug|Any CPU.Build.0 = Debug|Any CPU
		{7853CF38-753E-4E97-86A9-004243B99E06}.Release|Any CPU.ActiveCfg = Release|Any CPU
		{7853CF38-753E-4E97-86A9-004243B99E06}.Release|Any CPU.Build.0 = Release|Any CPU
		{3E2B79BA-8EF1-4439-9BF1-E22698828689}.Debug|Any CPU.ActiveCfg = Debug|Any CPU
		{3E2B79BA-8EF1-4439-9BF1-E22698828689}.Debug|Any CPU.Build.0 = Debug|Any CPU
		{3E2B79BA-8EF1-4439-9BF1-E22698828689}.Release|Any CPU.ActiveCfg = Release|Any CPU
		{3E2B79BA-8EF1-4439-9BF1-E22698828689}.Release|Any CPU.Build.0 = Release|Any CPU
		{BFA48A87-AE9C-487D-A9F2-8DE75F8B9352}.Debug|Any CPU.ActiveCfg = Debug|Any CPU
		{BFA48A87-AE9C-487D-A9F2-8DE75F8B9352}.Debug|Any CPU.Build.0 = Debug|Any CPU
		{BFA48A87-AE9C-487D-A9F2-8DE75F8B9352}.Release|Any CPU.ActiveCfg = Release|Any CPU
		{BFA48A87-AE9C-487D-A9F2-8DE75F8B9352}.Release|Any CPU.Build.0 = Release|Any CPU
		{F1E413C8-DF7A-4BE5-892F-E8AB45541084}.Debug|Any CPU.ActiveCfg = Debug|Any CPU
		{F1E413C8-DF7A-4BE5-892F-E8AB45541084}.Debug|Any CPU.Build.0 = Debug|Any CPU
		{F1E413C8-DF7A-4BE5-892F-E8AB45541084}.Release|Any CPU.ActiveCfg = Release|Any CPU
		{F1E413C8-DF7A-4BE5-892F-E8AB45541084}.Release|Any CPU.Build.0 = Release|Any CPU
		{3261F500-F326-4B5D-A175-1EF1681FF861}.Debug|Any CPU.ActiveCfg = Debug|Any CPU
		{3261F500-F326-4B5D-A175-1EF1681FF861}.Debug|Any CPU.Build.0 = Debug|Any CPU
		{3261F500-F326-4B5D-A175-1EF1681FF861}.Release|Any CPU.ActiveCfg = Release|Any CPU
		{3261F500-F326-4B5D-A175-1EF1681FF861}.Release|Any CPU.Build.0 = Release|Any CPU
		{32D3AA37-ADC3-4F81-ABF7-52D01856D406}.Debug|Any CPU.ActiveCfg = Debug|Any CPU
		{32D3AA37-ADC3-4F81-ABF7-52D01856D406}.Debug|Any CPU.Build.0 = Debug|Any CPU
		{32D3AA37-ADC3-4F81-ABF7-52D01856D406}.Release|Any CPU.ActiveCfg = Release|Any CPU
		{32D3AA37-ADC3-4F81-ABF7-52D01856D406}.Release|Any CPU.Build.0 = Release|Any CPU
		{82EE9DFB-22AC-43B0-8C42-482AFC2E6D7D}.Debug|Any CPU.ActiveCfg = Debug|Any CPU
		{82EE9DFB-22AC-43B0-8C42-482AFC2E6D7D}.Debug|Any CPU.Build.0 = Debug|Any CPU
		{82EE9DFB-22AC-43B0-8C42-482AFC2E6D7D}.Release|Any CPU.ActiveCfg = Release|Any CPU
		{82EE9DFB-22AC-43B0-8C42-482AFC2E6D7D}.Release|Any CPU.Build.0 = Release|Any CPU
		{7EA4ED11-B8B6-42F0-81F5-328CD6B15224}.Debug|Any CPU.ActiveCfg = Debug|Any CPU
		{7EA4ED11-B8B6-42F0-81F5-328CD6B15224}.Debug|Any CPU.Build.0 = Debug|Any CPU
		{7EA4ED11-B8B6-42F0-81F5-328CD6B15224}.Release|Any CPU.ActiveCfg = Release|Any CPU
		{7EA4ED11-B8B6-42F0-81F5-328CD6B15224}.Release|Any CPU.Build.0 = Release|Any CPU
		{E4209DF1-5406-4A75-A5C8-1BA5F7121813}.Debug|Any CPU.ActiveCfg = Debug|Any CPU
		{E4209DF1-5406-4A75-A5C8-1BA5F7121813}.Debug|Any CPU.Build.0 = Debug|Any CPU
		{E4209DF1-5406-4A75-A5C8-1BA5F7121813}.Release|Any CPU.ActiveCfg = Release|Any CPU
		{E4209DF1-5406-4A75-A5C8-1BA5F7121813}.Release|Any CPU.Build.0 = Release|Any CPU
		{7FC67214-C589-4FDF-A13D-28A3634EF1E2}.Debug|Any CPU.ActiveCfg = Debug|Any CPU
		{7FC67214-C589-4FDF-A13D-28A3634EF1E2}.Debug|Any CPU.Build.0 = Debug|Any CPU
		{7FC67214-C589-4FDF-A13D-28A3634EF1E2}.Release|Any CPU.ActiveCfg = Release|Any CPU
		{7FC67214-C589-4FDF-A13D-28A3634EF1E2}.Release|Any CPU.Build.0 = Release|Any CPU
	EndGlobalSection
	GlobalSection(SolutionProperties) = preSolution
		HideSolutionNode = FALSE
	EndGlobalSection
EndGlobal
