
Microsoft Visual Studio Solution File, Format Version 12.00
# Visual Studio 14
VisualStudioVersion = 14.0.25420.1
MinimumVisualStudioVersion = 10.0.40219.1
Project("{FAE04EC0-301F-11D3-BF4B-00C04F79EFBC}") = "01FillTheMatrix", "ConsoleApplication1\01FillTheMatrix.csproj", "{EBDCA145-D095-4226-A6B0-5C0540F18C9A}"
EndProject
Project("{FAE04EC0-301F-11D3-BF4B-00C04F79EFBC}") = "02MaximalSum", "02MaximalSum\02MaximalSum.csproj", "{0F2D8EE9-4A6D-4F0D-B4BD-3DEA75B5CBD6}"
EndProject
Project("{FAE04EC0-301F-11D3-BF4B-00C04F79EFBC}") = "03SequenceInMatrix", "03SequenceInMatrix\03SequenceInMatrix.csproj", "{7C7E2226-8880-46E5-9583-6D143BC27348}"
EndProject
Project("{FAE04EC0-301F-11D3-BF4B-00C04F79EFBC}") = "04BinarySearch", "04BinarySearch\04BinarySearch.csproj", "{830504E1-C8CB-4D50-A34C-44BE4040E05B}"
EndProject
Global
	GlobalSection(SolutionConfigurationPlatforms) = preSolution
		Debug|Any CPU = Debug|Any CPU
		Release|Any CPU = Release|Any CPU
	EndGlobalSection
	GlobalSection(ProjectConfigurationPlatforms) = postSolution
		{EBDCA145-D095-4226-A6B0-5C0540F18C9A}.Debug|Any CPU.ActiveCfg = Debug|Any CPU
		{EBDCA145-D095-4226-A6B0-5C0540F18C9A}.Debug|Any CPU.Build.0 = Debug|Any CPU
		{EBDCA145-D095-4226-A6B0-5C0540F18C9A}.Release|Any CPU.ActiveCfg = Release|Any CPU
		{EBDCA145-D095-4226-A6B0-5C0540F18C9A}.Release|Any CPU.Build.0 = Release|Any CPU
		{0F2D8EE9-4A6D-4F0D-B4BD-3DEA75B5CBD6}.Debug|Any CPU.ActiveCfg = Debug|Any CPU
		{0F2D8EE9-4A6D-4F0D-B4BD-3DEA75B5CBD6}.Debug|Any CPU.Build.0 = Debug|Any CPU
		{0F2D8EE9-4A6D-4F0D-B4BD-3DEA75B5CBD6}.Release|Any CPU.ActiveCfg = Release|Any CPU
		{0F2D8EE9-4A6D-4F0D-B4BD-3DEA75B5CBD6}.Release|Any CPU.Build.0 = Release|Any CPU
		{7C7E2226-8880-46E5-9583-6D143BC27348}.Debug|Any CPU.ActiveCfg = Debug|Any CPU
		{7C7E2226-8880-46E5-9583-6D143BC27348}.Debug|Any CPU.Build.0 = Debug|Any CPU
		{7C7E2226-8880-46E5-9583-6D143BC27348}.Release|Any CPU.ActiveCfg = Release|Any CPU
		{7C7E2226-8880-46E5-9583-6D143BC27348}.Release|Any CPU.Build.0 = Release|Any CPU
		{830504E1-C8CB-4D50-A34C-44BE4040E05B}.Debug|Any CPU.ActiveCfg = Debug|Any CPU
		{830504E1-C8CB-4D50-A34C-44BE4040E05B}.Debug|Any CPU.Build.0 = Debug|Any CPU
		{830504E1-C8CB-4D50-A34C-44BE4040E05B}.Release|Any CPU.ActiveCfg = Release|Any CPU
		{830504E1-C8CB-4D50-A34C-44BE4040E05B}.Release|Any CPU.Build.0 = Release|Any CPU
	EndGlobalSection
	GlobalSection(SolutionProperties) = preSolution
		HideSolutionNode = FALSE
	EndGlobalSection
EndGlobal
