
Microsoft Visual Studio Solution File, Format Version 12.00
# Visual Studio 14
VisualStudioVersion = 14.0.25420.1
MinimumVisualStudioVersion = 10.0.40219.1
Project("{FAE04EC0-301F-11D3-BF4B-00C04F79EFBC}") = "01AllocateArray", "01AllocateArray\01AllocateArray.csproj", "{2A9A7C70-C1E8-4EED-ABA3-2379EA47D3C6}"
EndProject
Project("{FAE04EC0-301F-11D3-BF4B-00C04F79EFBC}") = "02Compare arrays", "02Compare arrays\02Compare arrays.csproj", "{D0384BB9-1F46-4F1C-9F05-41338DCC3FCE}"
EndProject
Project("{FAE04EC0-301F-11D3-BF4B-00C04F79EFBC}") = "03CompareCharArrays", "03CompareCharArrays\03CompareCharArrays.csproj", "{7762F9B3-8BE6-488C-83EA-E29E987F63A8}"
EndProject
Project("{FAE04EC0-301F-11D3-BF4B-00C04F79EFBC}") = "04MaximalSequence", "04MaximalSequence\04MaximalSequence.csproj", "{8CCA9E83-8B2F-488E-BCF3-276AF61B498F}"
EndProject
Project("{FAE04EC0-301F-11D3-BF4B-00C04F79EFBC}") = "05MaximalIncreasingSequence", "05Maximal increasing sequence\05MaximalIncreasingSequence.csproj", "{B2DE375E-E876-4ED1-8579-6ABC5106D2FA}"
EndProject
Project("{FAE04EC0-301F-11D3-BF4B-00C04F79EFBC}") = "06MaximalKSum", "06 MaximalKSum\06MaximalKSum.csproj", "{DDE1B7AF-ACA5-4A65-B8A8-886DBE5D979A}"
EndProject
Project("{FAE04EC0-301F-11D3-BF4B-00C04F79EFBC}") = "07SelectionSort", "07SelectionSort\07SelectionSort.csproj", "{89A8F62D-B994-4B64-9640-0C381B32DC8B}"
EndProject
Project("{FAE04EC0-301F-11D3-BF4B-00C04F79EFBC}") = "08MaximalSum", "08MaximalSum\08MaximalSum.csproj", "{8F91928B-01E7-4834-9364-A9661481E2AA}"
EndProject
Global
	GlobalSection(SolutionConfigurationPlatforms) = preSolution
		Debug|Any CPU = Debug|Any CPU
		Release|Any CPU = Release|Any CPU
	EndGlobalSection
	GlobalSection(ProjectConfigurationPlatforms) = postSolution
		{2A9A7C70-C1E8-4EED-ABA3-2379EA47D3C6}.Debug|Any CPU.ActiveCfg = Debug|Any CPU
		{2A9A7C70-C1E8-4EED-ABA3-2379EA47D3C6}.Debug|Any CPU.Build.0 = Debug|Any CPU
		{2A9A7C70-C1E8-4EED-ABA3-2379EA47D3C6}.Release|Any CPU.ActiveCfg = Release|Any CPU
		{2A9A7C70-C1E8-4EED-ABA3-2379EA47D3C6}.Release|Any CPU.Build.0 = Release|Any CPU
		{D0384BB9-1F46-4F1C-9F05-41338DCC3FCE}.Debug|Any CPU.ActiveCfg = Debug|Any CPU
		{D0384BB9-1F46-4F1C-9F05-41338DCC3FCE}.Debug|Any CPU.Build.0 = Debug|Any CPU
		{D0384BB9-1F46-4F1C-9F05-41338DCC3FCE}.Release|Any CPU.ActiveCfg = Release|Any CPU
		{D0384BB9-1F46-4F1C-9F05-41338DCC3FCE}.Release|Any CPU.Build.0 = Release|Any CPU
		{7762F9B3-8BE6-488C-83EA-E29E987F63A8}.Debug|Any CPU.ActiveCfg = Debug|Any CPU
		{7762F9B3-8BE6-488C-83EA-E29E987F63A8}.Debug|Any CPU.Build.0 = Debug|Any CPU
		{7762F9B3-8BE6-488C-83EA-E29E987F63A8}.Release|Any CPU.ActiveCfg = Release|Any CPU
		{7762F9B3-8BE6-488C-83EA-E29E987F63A8}.Release|Any CPU.Build.0 = Release|Any CPU
		{8CCA9E83-8B2F-488E-BCF3-276AF61B498F}.Debug|Any CPU.ActiveCfg = Debug|Any CPU
		{8CCA9E83-8B2F-488E-BCF3-276AF61B498F}.Debug|Any CPU.Build.0 = Debug|Any CPU
		{8CCA9E83-8B2F-488E-BCF3-276AF61B498F}.Release|Any CPU.ActiveCfg = Release|Any CPU
		{8CCA9E83-8B2F-488E-BCF3-276AF61B498F}.Release|Any CPU.Build.0 = Release|Any CPU
		{B2DE375E-E876-4ED1-8579-6ABC5106D2FA}.Debug|Any CPU.ActiveCfg = Debug|Any CPU
		{B2DE375E-E876-4ED1-8579-6ABC5106D2FA}.Debug|Any CPU.Build.0 = Debug|Any CPU
		{B2DE375E-E876-4ED1-8579-6ABC5106D2FA}.Release|Any CPU.ActiveCfg = Release|Any CPU
		{B2DE375E-E876-4ED1-8579-6ABC5106D2FA}.Release|Any CPU.Build.0 = Release|Any CPU
		{DDE1B7AF-ACA5-4A65-B8A8-886DBE5D979A}.Debug|Any CPU.ActiveCfg = Debug|Any CPU
		{DDE1B7AF-ACA5-4A65-B8A8-886DBE5D979A}.Debug|Any CPU.Build.0 = Debug|Any CPU
		{DDE1B7AF-ACA5-4A65-B8A8-886DBE5D979A}.Release|Any CPU.ActiveCfg = Release|Any CPU
		{DDE1B7AF-ACA5-4A65-B8A8-886DBE5D979A}.Release|Any CPU.Build.0 = Release|Any CPU
		{89A8F62D-B994-4B64-9640-0C381B32DC8B}.Debug|Any CPU.ActiveCfg = Debug|Any CPU
		{89A8F62D-B994-4B64-9640-0C381B32DC8B}.Debug|Any CPU.Build.0 = Debug|Any CPU
		{89A8F62D-B994-4B64-9640-0C381B32DC8B}.Release|Any CPU.ActiveCfg = Release|Any CPU
		{89A8F62D-B994-4B64-9640-0C381B32DC8B}.Release|Any CPU.Build.0 = Release|Any CPU
		{8F91928B-01E7-4834-9364-A9661481E2AA}.Debug|Any CPU.ActiveCfg = Debug|Any CPU
		{8F91928B-01E7-4834-9364-A9661481E2AA}.Debug|Any CPU.Build.0 = Debug|Any CPU
		{8F91928B-01E7-4834-9364-A9661481E2AA}.Release|Any CPU.ActiveCfg = Release|Any CPU
		{8F91928B-01E7-4834-9364-A9661481E2AA}.Release|Any CPU.Build.0 = Release|Any CPU
	EndGlobalSection
	GlobalSection(SolutionProperties) = preSolution
		HideSolutionNode = FALSE
	EndGlobalSection
EndGlobal
