
Microsoft Visual Studio Solution File, Format Version 12.00
# Visual Studio 14
VisualStudioVersion = 14.0.25420.1
MinimumVisualStudioVersion = 10.0.40219.1
Project("{FAE04EC0-301F-11D3-BF4B-00C04F79EFBC}") = "Hello World", "Hello World\Hello World.csproj", "{2448CDEC-BCA8-4031-A95E-780E09408E1A}"
EndProject
Project("{FAE04EC0-301F-11D3-BF4B-00C04F79EFBC}") = "HelloCSharp", "HelloCSharp\HelloCSharp.csproj", "{D499FA27-FC29-4B65-8331-1979B4E81D1A}"
EndProject
Project("{FAE04EC0-301F-11D3-BF4B-00C04F79EFBC}") = "Print Name", "Print Name\Print Name.csproj", "{AB028EBB-F7DB-49DF-B7C0-E8D005966E54}"
EndProject
Project("{FAE04EC0-301F-11D3-BF4B-00C04F79EFBC}") = "Print Digits 1, 101, 1001", "Print Digits 1, 101, 1001\Print Digits 1, 101, 1001.csproj", "{6A88095A-061D-403C-97FB-A4FDEB7F3C24}"
EndProject
Project("{FAE04EC0-301F-11D3-BF4B-00C04F79EFBC}") = "Name on separate lines", "Name on separate lines\Name on separate lines.csproj", "{69F8BB9C-7CDE-418E-9480-A876A0199051}"
EndProject
Project("{FAE04EC0-301F-11D3-BF4B-00C04F79EFBC}") = "Sqrt of 12345", "Sqrt of 12345\Sqrt of 12345.csproj", "{D47FE251-4E7D-47C6-B541-D3A910EB068E}"
EndProject
Project("{FAE04EC0-301F-11D3-BF4B-00C04F79EFBC}") = "PrintDateTime", "PrintDateTime\PrintDateTime.csproj", "{25A8F67D-64C3-4B06-AFDF-5F9068ECCFF8}"
EndProject
Project("{FAE04EC0-301F-11D3-BF4B-00C04F79EFBC}") = "PrintDigitSequence", "PrintDigitSequence\PrintDigitSequence.csproj", "{EE217CD7-E8EC-4ABC-8055-94D69FB7ED8C}"
EndProject
Project("{FAE04EC0-301F-11D3-BF4B-00C04F79EFBC}") = "FixHorribleCode", "FixHorribleCode\FixHorribleCode.csproj", "{9773E1B4-BA20-4075-89D4-A9FE2794E260}"
EndProject
Global
	GlobalSection(SolutionConfigurationPlatforms) = preSolution
		Debug|Any CPU = Debug|Any CPU
		Release|Any CPU = Release|Any CPU
	EndGlobalSection
	GlobalSection(ProjectConfigurationPlatforms) = postSolution
		{2448CDEC-BCA8-4031-A95E-780E09408E1A}.Debug|Any CPU.ActiveCfg = Debug|Any CPU
		{2448CDEC-BCA8-4031-A95E-780E09408E1A}.Debug|Any CPU.Build.0 = Debug|Any CPU
		{2448CDEC-BCA8-4031-A95E-780E09408E1A}.Release|Any CPU.ActiveCfg = Release|Any CPU
		{2448CDEC-BCA8-4031-A95E-780E09408E1A}.Release|Any CPU.Build.0 = Release|Any CPU
		{D499FA27-FC29-4B65-8331-1979B4E81D1A}.Debug|Any CPU.ActiveCfg = Debug|Any CPU
		{D499FA27-FC29-4B65-8331-1979B4E81D1A}.Debug|Any CPU.Build.0 = Debug|Any CPU
		{D499FA27-FC29-4B65-8331-1979B4E81D1A}.Release|Any CPU.ActiveCfg = Release|Any CPU
		{D499FA27-FC29-4B65-8331-1979B4E81D1A}.Release|Any CPU.Build.0 = Release|Any CPU
		{AB028EBB-F7DB-49DF-B7C0-E8D005966E54}.Debug|Any CPU.ActiveCfg = Debug|Any CPU
		{AB028EBB-F7DB-49DF-B7C0-E8D005966E54}.Debug|Any CPU.Build.0 = Debug|Any CPU
		{AB028EBB-F7DB-49DF-B7C0-E8D005966E54}.Release|Any CPU.ActiveCfg = Release|Any CPU
		{AB028EBB-F7DB-49DF-B7C0-E8D005966E54}.Release|Any CPU.Build.0 = Release|Any CPU
		{6A88095A-061D-403C-97FB-A4FDEB7F3C24}.Debug|Any CPU.ActiveCfg = Debug|Any CPU
		{6A88095A-061D-403C-97FB-A4FDEB7F3C24}.Debug|Any CPU.Build.0 = Debug|Any CPU
		{6A88095A-061D-403C-97FB-A4FDEB7F3C24}.Release|Any CPU.ActiveCfg = Release|Any CPU
		{6A88095A-061D-403C-97FB-A4FDEB7F3C24}.Release|Any CPU.Build.0 = Release|Any CPU
		{69F8BB9C-7CDE-418E-9480-A876A0199051}.Debug|Any CPU.ActiveCfg = Debug|Any CPU
		{69F8BB9C-7CDE-418E-9480-A876A0199051}.Debug|Any CPU.Build.0 = Debug|Any CPU
		{69F8BB9C-7CDE-418E-9480-A876A0199051}.Release|Any CPU.ActiveCfg = Release|Any CPU
		{69F8BB9C-7CDE-418E-9480-A876A0199051}.Release|Any CPU.Build.0 = Release|Any CPU
		{D47FE251-4E7D-47C6-B541-D3A910EB068E}.Debug|Any CPU.ActiveCfg = Debug|Any CPU
		{D47FE251-4E7D-47C6-B541-D3A910EB068E}.Debug|Any CPU.Build.0 = Debug|Any CPU
		{D47FE251-4E7D-47C6-B541-D3A910EB068E}.Release|Any CPU.ActiveCfg = Release|Any CPU
		{D47FE251-4E7D-47C6-B541-D3A910EB068E}.Release|Any CPU.Build.0 = Release|Any CPU
		{25A8F67D-64C3-4B06-AFDF-5F9068ECCFF8}.Debug|Any CPU.ActiveCfg = Debug|Any CPU
		{25A8F67D-64C3-4B06-AFDF-5F9068ECCFF8}.Debug|Any CPU.Build.0 = Debug|Any CPU
		{25A8F67D-64C3-4B06-AFDF-5F9068ECCFF8}.Release|Any CPU.ActiveCfg = Release|Any CPU
		{25A8F67D-64C3-4B06-AFDF-5F9068ECCFF8}.Release|Any CPU.Build.0 = Release|Any CPU
		{EE217CD7-E8EC-4ABC-8055-94D69FB7ED8C}.Debug|Any CPU.ActiveCfg = Debug|Any CPU
		{EE217CD7-E8EC-4ABC-8055-94D69FB7ED8C}.Debug|Any CPU.Build.0 = Debug|Any CPU
		{EE217CD7-E8EC-4ABC-8055-94D69FB7ED8C}.Release|Any CPU.ActiveCfg = Release|Any CPU
		{EE217CD7-E8EC-4ABC-8055-94D69FB7ED8C}.Release|Any CPU.Build.0 = Release|Any CPU
		{9773E1B4-BA20-4075-89D4-A9FE2794E260}.Debug|Any CPU.ActiveCfg = Debug|Any CPU
		{9773E1B4-BA20-4075-89D4-A9FE2794E260}.Debug|Any CPU.Build.0 = Debug|Any CPU
		{9773E1B4-BA20-4075-89D4-A9FE2794E260}.Release|Any CPU.ActiveCfg = Release|Any CPU
		{9773E1B4-BA20-4075-89D4-A9FE2794E260}.Release|Any CPU.Build.0 = Release|Any CPU
	EndGlobalSection
	GlobalSection(SolutionProperties) = preSolution
		HideSolutionNode = FALSE
	EndGlobalSection
EndGlobal
