
Microsoft Visual Studio Solution File, Format Version 12.00
# Visual Studio 14
VisualStudioVersion = 14.0.25420.1
MinimumVisualStudioVersion = 10.0.40219.1
Project("{FAE04EC0-301F-11D3-BF4B-00C04F79EFBC}") = "Exam1Task1248", "Exam1Task1248\Exam1Task1248.csproj", "{3C770D74-F0E8-4148-B638-B6A23474CAC1}"
EndProject
Project("{FAE04EC0-301F-11D3-BF4B-00C04F79EFBC}") = "Exam1Task2Nightmare", "Exam1Task2NIghtmare\Exam1Task2Nightmare.csproj", "{31CC83B9-DB34-48EA-A7BA-70B0808E8AE2}"
EndProject
Project("{FAE04EC0-301F-11D3-BF4B-00C04F79EFBC}") = "Exam1Task3Enigmanation", "Exam2Task3Enigmanation\Exam1Task3Enigmanation.csproj", "{F5ED3167-89D6-4FA7-B4C5-A003098010DF}"
EndProject
Project("{FAE04EC0-301F-11D3-BF4B-00C04F79EFBC}") = "Exam1Task4KaspichaniaBoats", "Exam1Task4KaspichaniaBoats\Exam1Task4KaspichaniaBoats.csproj", "{E123C17B-A423-4162-8D72-6EDA49BF2739}"
EndProject
Project("{FAE04EC0-301F-11D3-BF4B-00C04F79EFBC}") = "Exam1Task5GameOfPage", "ConsoleApplication1\Exam1Task5GameOfPage.csproj", "{7ECB88F1-4DBA-4328-9F19-E36FBA878C5D}"
EndProject
Project("{FAE04EC0-301F-11D3-BF4B-00C04F79EFBC}") = "Exam2Task1369", "Exam2Task1369\Exam2Task1369.csproj", "{DD4D251E-7FB0-4AC7-87A2-8216FFF87D9D}"
EndProject
Project("{FAE04EC0-301F-11D3-BF4B-00C04F79EFBC}") = "Exam2Task2TheHorror", "Exam2Task2TheHorror\Exam2Task2TheHorror.csproj", "{B84CB8DC-20FB-4DDD-A3BF-7073F501A7B7}"
EndProject
Project("{FAE04EC0-301F-11D3-BF4B-00C04F79EFBC}") = "Exam2Task3XExpression", "Exam2Task3XExpression\Exam2Task3XExpression.csproj", "{80A700DB-3586-406B-A377-71156EAB6CF8}"
EndProject
Project("{FAE04EC0-301F-11D3-BF4B-00C04F79EFBC}") = "Exam2Task4DiamondTrolls", "Exam2Task4DiamondTrolls\Exam2Task4DiamondTrolls.csproj", "{AA17A2CA-6A8F-4DAB-836D-42725C3BEBFF}"
EndProject
Project("{FAE04EC0-301F-11D3-BF4B-00C04F79EFBC}") = "Exam2Task5Warhead", "Exam2Task5Warhead\Exam2Task5Warhead.csproj", "{FEEAA560-7937-43D6-A2CA-3AE99979AD75}"
EndProject
Project("{FAE04EC0-301F-11D3-BF4B-00C04F79EFBC}") = "Exam2Task5WarheadWithArrays", "Exam2Task5WarheadWithArrays\Exam2Task5WarheadWithArrays.csproj", "{9BA77A1C-5EF0-4215-AFF0-A3CB31232A0D}"
EndProject
Project("{FAE04EC0-301F-11D3-BF4B-00C04F79EFBC}") = "Exam3Task1PeaceOfCake", "Exam3Task1PeaceOfCake\Exam3Task1PeaceOfCake.csproj", "{885ACA0E-2EA0-4F5A-A93A-AEAC7933869B}"
EndProject
Project("{FAE04EC0-301F-11D3-BF4B-00C04F79EFBC}") = "Exam3Task2AngryFemaleGPS", "Exam3Task2AngryFemaleGPS\Exam3Task2AngryFemaleGPS.csproj", "{B295ACC7-E58B-4124-89FF-410EA17E27AC}"
EndProject
Project("{FAE04EC0-301F-11D3-BF4B-00C04F79EFBC}") = "Exam3Task3OnesAndZeros", "Exam3Task3OnesAndZeros\Exam3Task3OnesAndZeros.csproj", "{A1057474-1AD5-4A4B-9374-92CD4AE52BAD}"
EndProject
Project("{FAE04EC0-301F-11D3-BF4B-00C04F79EFBC}") = "Exam3Task4Eggcelent", "Exam3Task4Eggcelent\Exam3Task4Eggcelent.csproj", "{9CCD7F4D-997A-47B2-94A4-88EAB22B43FA}"
EndProject
Global
	GlobalSection(SolutionConfigurationPlatforms) = preSolution
		Debug|Any CPU = Debug|Any CPU
		Release|Any CPU = Release|Any CPU
	EndGlobalSection
	GlobalSection(ProjectConfigurationPlatforms) = postSolution
		{3C770D74-F0E8-4148-B638-B6A23474CAC1}.Debug|Any CPU.ActiveCfg = Debug|Any CPU
		{3C770D74-F0E8-4148-B638-B6A23474CAC1}.Debug|Any CPU.Build.0 = Debug|Any CPU
		{3C770D74-F0E8-4148-B638-B6A23474CAC1}.Release|Any CPU.ActiveCfg = Release|Any CPU
		{3C770D74-F0E8-4148-B638-B6A23474CAC1}.Release|Any CPU.Build.0 = Release|Any CPU
		{31CC83B9-DB34-48EA-A7BA-70B0808E8AE2}.Debug|Any CPU.ActiveCfg = Debug|Any CPU
		{31CC83B9-DB34-48EA-A7BA-70B0808E8AE2}.Debug|Any CPU.Build.0 = Debug|Any CPU
		{31CC83B9-DB34-48EA-A7BA-70B0808E8AE2}.Release|Any CPU.ActiveCfg = Release|Any CPU
		{31CC83B9-DB34-48EA-A7BA-70B0808E8AE2}.Release|Any CPU.Build.0 = Release|Any CPU
		{F5ED3167-89D6-4FA7-B4C5-A003098010DF}.Debug|Any CPU.ActiveCfg = Debug|Any CPU
		{F5ED3167-89D6-4FA7-B4C5-A003098010DF}.Debug|Any CPU.Build.0 = Debug|Any CPU
		{F5ED3167-89D6-4FA7-B4C5-A003098010DF}.Release|Any CPU.ActiveCfg = Release|Any CPU
		{F5ED3167-89D6-4FA7-B4C5-A003098010DF}.Release|Any CPU.Build.0 = Release|Any CPU
		{E123C17B-A423-4162-8D72-6EDA49BF2739}.Debug|Any CPU.ActiveCfg = Debug|Any CPU
		{E123C17B-A423-4162-8D72-6EDA49BF2739}.Debug|Any CPU.Build.0 = Debug|Any CPU
		{E123C17B-A423-4162-8D72-6EDA49BF2739}.Release|Any CPU.ActiveCfg = Release|Any CPU
		{E123C17B-A423-4162-8D72-6EDA49BF2739}.Release|Any CPU.Build.0 = Release|Any CPU
		{7ECB88F1-4DBA-4328-9F19-E36FBA878C5D}.Debug|Any CPU.ActiveCfg = Debug|Any CPU
		{7ECB88F1-4DBA-4328-9F19-E36FBA878C5D}.Debug|Any CPU.Build.0 = Debug|Any CPU
		{7ECB88F1-4DBA-4328-9F19-E36FBA878C5D}.Release|Any CPU.ActiveCfg = Release|Any CPU
		{7ECB88F1-4DBA-4328-9F19-E36FBA878C5D}.Release|Any CPU.Build.0 = Release|Any CPU
		{DD4D251E-7FB0-4AC7-87A2-8216FFF87D9D}.Debug|Any CPU.ActiveCfg = Debug|Any CPU
		{DD4D251E-7FB0-4AC7-87A2-8216FFF87D9D}.Debug|Any CPU.Build.0 = Debug|Any CPU
		{DD4D251E-7FB0-4AC7-87A2-8216FFF87D9D}.Release|Any CPU.ActiveCfg = Release|Any CPU
		{DD4D251E-7FB0-4AC7-87A2-8216FFF87D9D}.Release|Any CPU.Build.0 = Release|Any CPU
		{B84CB8DC-20FB-4DDD-A3BF-7073F501A7B7}.Debug|Any CPU.ActiveCfg = Debug|Any CPU
		{B84CB8DC-20FB-4DDD-A3BF-7073F501A7B7}.Debug|Any CPU.Build.0 = Debug|Any CPU
		{B84CB8DC-20FB-4DDD-A3BF-7073F501A7B7}.Release|Any CPU.ActiveCfg = Release|Any CPU
		{B84CB8DC-20FB-4DDD-A3BF-7073F501A7B7}.Release|Any CPU.Build.0 = Release|Any CPU
		{80A700DB-3586-406B-A377-71156EAB6CF8}.Debug|Any CPU.ActiveCfg = Debug|Any CPU
		{80A700DB-3586-406B-A377-71156EAB6CF8}.Debug|Any CPU.Build.0 = Debug|Any CPU
		{80A700DB-3586-406B-A377-71156EAB6CF8}.Release|Any CPU.ActiveCfg = Release|Any CPU
		{80A700DB-3586-406B-A377-71156EAB6CF8}.Release|Any CPU.Build.0 = Release|Any CPU
		{AA17A2CA-6A8F-4DAB-836D-42725C3BEBFF}.Debug|Any CPU.ActiveCfg = Debug|Any CPU
		{AA17A2CA-6A8F-4DAB-836D-42725C3BEBFF}.Debug|Any CPU.Build.0 = Debug|Any CPU
		{AA17A2CA-6A8F-4DAB-836D-42725C3BEBFF}.Release|Any CPU.ActiveCfg = Release|Any CPU
		{AA17A2CA-6A8F-4DAB-836D-42725C3BEBFF}.Release|Any CPU.Build.0 = Release|Any CPU
		{FEEAA560-7937-43D6-A2CA-3AE99979AD75}.Debug|Any CPU.ActiveCfg = Debug|Any CPU
		{FEEAA560-7937-43D6-A2CA-3AE99979AD75}.Debug|Any CPU.Build.0 = Debug|Any CPU
		{FEEAA560-7937-43D6-A2CA-3AE99979AD75}.Release|Any CPU.ActiveCfg = Release|Any CPU
		{FEEAA560-7937-43D6-A2CA-3AE99979AD75}.Release|Any CPU.Build.0 = Release|Any CPU
		{9BA77A1C-5EF0-4215-AFF0-A3CB31232A0D}.Debug|Any CPU.ActiveCfg = Debug|Any CPU
		{9BA77A1C-5EF0-4215-AFF0-A3CB31232A0D}.Debug|Any CPU.Build.0 = Debug|Any CPU
		{9BA77A1C-5EF0-4215-AFF0-A3CB31232A0D}.Release|Any CPU.ActiveCfg = Release|Any CPU
		{9BA77A1C-5EF0-4215-AFF0-A3CB31232A0D}.Release|Any CPU.Build.0 = Release|Any CPU
		{885ACA0E-2EA0-4F5A-A93A-AEAC7933869B}.Debug|Any CPU.ActiveCfg = Debug|Any CPU
		{885ACA0E-2EA0-4F5A-A93A-AEAC7933869B}.Debug|Any CPU.Build.0 = Debug|Any CPU
		{885ACA0E-2EA0-4F5A-A93A-AEAC7933869B}.Release|Any CPU.ActiveCfg = Release|Any CPU
		{885ACA0E-2EA0-4F5A-A93A-AEAC7933869B}.Release|Any CPU.Build.0 = Release|Any CPU
		{B295ACC7-E58B-4124-89FF-410EA17E27AC}.Debug|Any CPU.ActiveCfg = Debug|Any CPU
		{B295ACC7-E58B-4124-89FF-410EA17E27AC}.Debug|Any CPU.Build.0 = Debug|Any CPU
		{B295ACC7-E58B-4124-89FF-410EA17E27AC}.Release|Any CPU.ActiveCfg = Release|Any CPU
		{B295ACC7-E58B-4124-89FF-410EA17E27AC}.Release|Any CPU.Build.0 = Release|Any CPU
		{A1057474-1AD5-4A4B-9374-92CD4AE52BAD}.Debug|Any CPU.ActiveCfg = Debug|Any CPU
		{A1057474-1AD5-4A4B-9374-92CD4AE52BAD}.Debug|Any CPU.Build.0 = Debug|Any CPU
		{A1057474-1AD5-4A4B-9374-92CD4AE52BAD}.Release|Any CPU.ActiveCfg = Release|Any CPU
		{A1057474-1AD5-4A4B-9374-92CD4AE52BAD}.Release|Any CPU.Build.0 = Release|Any CPU
		{9CCD7F4D-997A-47B2-94A4-88EAB22B43FA}.Debug|Any CPU.ActiveCfg = Debug|Any CPU
		{9CCD7F4D-997A-47B2-94A4-88EAB22B43FA}.Debug|Any CPU.Build.0 = Debug|Any CPU
		{9CCD7F4D-997A-47B2-94A4-88EAB22B43FA}.Release|Any CPU.ActiveCfg = Release|Any CPU
		{9CCD7F4D-997A-47B2-94A4-88EAB22B43FA}.Release|Any CPU.Build.0 = Release|Any CPU
	EndGlobalSection
	GlobalSection(SolutionProperties) = preSolution
		HideSolutionNode = FALSE
	EndGlobalSection
EndGlobal
