
Microsoft Visual Studio Solution File, Format Version 12.00
# Visual Studio 14
VisualStudioVersion = 14.0.25420.1
MinimumVisualStudioVersion = 10.0.40219.1
Project("{FAE04EC0-301F-11D3-BF4B-00C04F79EFBC}") = "Variables MaxMin", "Variables MaxMin\Variables MaxMin.csproj", "{9885F9FD-0F96-429E-95E1-F38A0350C633}"
EndProject
Project("{FAE04EC0-301F-11D3-BF4B-00C04F79EFBC}") = "01 Declare Variables", "01.Declare Variables\01 Declare Variables.csproj", "{0FA2507D-5296-43EA-BDFA-79E6BE8CB470}"
EndProject
Project("{FAE04EC0-301F-11D3-BF4B-00C04F79EFBC}") = "02 Float or double", "02 Float or double\02 Float or double.csproj", "{9AADD3A0-8CBE-4868-B176-06381D618D65}"
EndProject
Project("{FAE04EC0-301F-11D3-BF4B-00C04F79EFBC}") = "03 Variable in Hexadecimal Format", "03 Variable in Hexadecimal Format\03 Variable in Hexadecimal Format.csproj", "{11955BAD-B2E8-4482-95D7-9EFE5B70FD27}"
EndProject
Project("{FAE04EC0-301F-11D3-BF4B-00C04F79EFBC}") = "04 Unicode Character", "04 Unicode Character\04 Unicode Character.csproj", "{3B797517-31C8-43AA-AF31-A1D29F9A8073}"
EndProject
Project("{FAE04EC0-301F-11D3-BF4B-00C04F79EFBC}") = "05 Boolean Variable", "05 Boolean Variable\05 Boolean Variable.csproj", "{390363DF-CDFB-4363-A818-1E6FF30E3AEE}"
EndProject
Project("{FAE04EC0-301F-11D3-BF4B-00C04F79EFBC}") = "06 Strings and Objects", "06 Strings and Objects\06 Strings and Objects.csproj", "{B65C2E82-0F2D-4489-9E3E-8C23CD044D2D}"
EndProject
Project("{FAE04EC0-301F-11D3-BF4B-00C04F79EFBC}") = "07 Quotes in Strings", "07 Quotes in Strings\07 Quotes in Strings.csproj", "{BA62EA1A-F500-443E-A8E0-D983B9437970}"
EndProject
Project("{FAE04EC0-301F-11D3-BF4B-00C04F79EFBC}") = "08 Isosceles Triangle", "08 Isosceles Triangle\08 Isosceles Triangle.csproj", "{FA828739-37C5-41B8-836B-E86DB85BD504}"
EndProject
Global
	GlobalSection(SolutionConfigurationPlatforms) = preSolution
		Debug|Any CPU = Debug|Any CPU
		Release|Any CPU = Release|Any CPU
	EndGlobalSection
	GlobalSection(ProjectConfigurationPlatforms) = postSolution
		{9885F9FD-0F96-429E-95E1-F38A0350C633}.Debug|Any CPU.ActiveCfg = Debug|Any CPU
		{9885F9FD-0F96-429E-95E1-F38A0350C633}.Debug|Any CPU.Build.0 = Debug|Any CPU
		{9885F9FD-0F96-429E-95E1-F38A0350C633}.Release|Any CPU.ActiveCfg = Release|Any CPU
		{9885F9FD-0F96-429E-95E1-F38A0350C633}.Release|Any CPU.Build.0 = Release|Any CPU
		{0FA2507D-5296-43EA-BDFA-79E6BE8CB470}.Debug|Any CPU.ActiveCfg = Debug|Any CPU
		{0FA2507D-5296-43EA-BDFA-79E6BE8CB470}.Debug|Any CPU.Build.0 = Debug|Any CPU
		{0FA2507D-5296-43EA-BDFA-79E6BE8CB470}.Release|Any CPU.ActiveCfg = Release|Any CPU
		{0FA2507D-5296-43EA-BDFA-79E6BE8CB470}.Release|Any CPU.Build.0 = Release|Any CPU
		{9AADD3A0-8CBE-4868-B176-06381D618D65}.Debug|Any CPU.ActiveCfg = Debug|Any CPU
		{9AADD3A0-8CBE-4868-B176-06381D618D65}.Debug|Any CPU.Build.0 = Debug|Any CPU
		{9AADD3A0-8CBE-4868-B176-06381D618D65}.Release|Any CPU.ActiveCfg = Release|Any CPU
		{9AADD3A0-8CBE-4868-B176-06381D618D65}.Release|Any CPU.Build.0 = Release|Any CPU
		{11955BAD-B2E8-4482-95D7-9EFE5B70FD27}.Debug|Any CPU.ActiveCfg = Debug|Any CPU
		{11955BAD-B2E8-4482-95D7-9EFE5B70FD27}.Debug|Any CPU.Build.0 = Debug|Any CPU
		{11955BAD-B2E8-4482-95D7-9EFE5B70FD27}.Release|Any CPU.ActiveCfg = Release|Any CPU
		{11955BAD-B2E8-4482-95D7-9EFE5B70FD27}.Release|Any CPU.Build.0 = Release|Any CPU
		{3B797517-31C8-43AA-AF31-A1D29F9A8073}.Debug|Any CPU.ActiveCfg = Debug|Any CPU
		{3B797517-31C8-43AA-AF31-A1D29F9A8073}.Debug|Any CPU.Build.0 = Debug|Any CPU
		{3B797517-31C8-43AA-AF31-A1D29F9A8073}.Release|Any CPU.ActiveCfg = Release|Any CPU
		{3B797517-31C8-43AA-AF31-A1D29F9A8073}.Release|Any CPU.Build.0 = Release|Any CPU
		{390363DF-CDFB-4363-A818-1E6FF30E3AEE}.Debug|Any CPU.ActiveCfg = Debug|Any CPU
		{390363DF-CDFB-4363-A818-1E6FF30E3AEE}.Debug|Any CPU.Build.0 = Debug|Any CPU
		{390363DF-CDFB-4363-A818-1E6FF30E3AEE}.Release|Any CPU.ActiveCfg = Release|Any CPU
		{390363DF-CDFB-4363-A818-1E6FF30E3AEE}.Release|Any CPU.Build.0 = Release|Any CPU
		{B65C2E82-0F2D-4489-9E3E-8C23CD044D2D}.Debug|Any CPU.ActiveCfg = Debug|Any CPU
		{B65C2E82-0F2D-4489-9E3E-8C23CD044D2D}.Debug|Any CPU.Build.0 = Debug|Any CPU
		{B65C2E82-0F2D-4489-9E3E-8C23CD044D2D}.Release|Any CPU.ActiveCfg = Release|Any CPU
		{B65C2E82-0F2D-4489-9E3E-8C23CD044D2D}.Release|Any CPU.Build.0 = Release|Any CPU
		{BA62EA1A-F500-443E-A8E0-D983B9437970}.Debug|Any CPU.ActiveCfg = Debug|Any CPU
		{BA62EA1A-F500-443E-A8E0-D983B9437970}.Debug|Any CPU.Build.0 = Debug|Any CPU
		{BA62EA1A-F500-443E-A8E0-D983B9437970}.Release|Any CPU.ActiveCfg = Release|Any CPU
		{BA62EA1A-F500-443E-A8E0-D983B9437970}.Release|Any CPU.Build.0 = Release|Any CPU
		{FA828739-37C5-41B8-836B-E86DB85BD504}.Debug|Any CPU.ActiveCfg = Debug|Any CPU
		{FA828739-37C5-41B8-836B-E86DB85BD504}.Debug|Any CPU.Build.0 = Debug|Any CPU
		{FA828739-37C5-41B8-836B-E86DB85BD504}.Release|Any CPU.ActiveCfg = Release|Any CPU
		{FA828739-37C5-41B8-836B-E86DB85BD504}.Release|Any CPU.Build.0 = Release|Any CPU
	EndGlobalSection
	GlobalSection(SolutionProperties) = preSolution
		HideSolutionNode = FALSE
	EndGlobalSection
EndGlobal
