
Microsoft Visual Studio Solution File, Format Version 12.00
# Visual Studio 14
VisualStudioVersion = 14.0.25420.1
MinimumVisualStudioVersion = 10.0.40219.1
Project("{FAE04EC0-301F-11D3-BF4B-00C04F79EFBC}") = "Problem 2. Reverse string", "Problem 2. Reverse string\Problem 2. Reverse string.csproj", "{A235056E-0378-4A20-8DAF-3D78E88C8D41}"
EndProject
Project("{FAE04EC0-301F-11D3-BF4B-00C04F79EFBC}") = "Problem 3. Correct brackets", "03. Correct brackets\Problem 3. Correct brackets.csproj", "{B79CD3FB-5B88-4A68-85A3-D8D191CCF5B5}"
EndProject
Project("{FAE04EC0-301F-11D3-BF4B-00C04F79EFBC}") = "Problem 4. Sub-string in text", "Problem 4. Sub-string in text\Problem 4. Sub-string in text.csproj", "{CE10C5B1-8A82-4F39-A4DF-FA2ED678BFBF}"
EndProject
Project("{FAE04EC0-301F-11D3-BF4B-00C04F79EFBC}") = "Problem 5. Parse tags", "Problem 5. Parse tags\Problem 5. Parse tags.csproj", "{81A65A71-7D95-4623-B28D-C22327703932}"
EndProject
Project("{FAE04EC0-301F-11D3-BF4B-00C04F79EFBC}") = "Problem 6. String length", "Problem 6. String length\Problem 6. String length.csproj", "{4FCD2D39-43E1-4F3B-9BC6-B7C16DA7F486}"
EndProject
Project("{FAE04EC0-301F-11D3-BF4B-00C04F79EFBC}") = "Problem 7. Encode Decode", "Problem 7. Encode Decode\Problem 7. Encode Decode.csproj", "{E9F6AF47-D69F-485F-815A-74EFD86038EA}"
EndProject
Project("{FAE04EC0-301F-11D3-BF4B-00C04F79EFBC}") = "Problem 8. Extract sentences", "Problem 8. Extract sentences\Problem 8. Extract sentences.csproj", "{3A3BA24E-E39B-4F26-BE91-9F303A81CC7D}"
EndProject
Project("{FAE04EC0-301F-11D3-BF4B-00C04F79EFBC}") = "Problem 9. Forbidden words", "Problem 9. Forbidden words\Problem 9. Forbidden words.csproj", "{D4800CCE-A3F6-47A6-84BE-E4696227D7F4}"
EndProject
Global
	GlobalSection(SolutionConfigurationPlatforms) = preSolution
		Debug|Any CPU = Debug|Any CPU
		Release|Any CPU = Release|Any CPU
	EndGlobalSection
	GlobalSection(ProjectConfigurationPlatforms) = postSolution
		{A235056E-0378-4A20-8DAF-3D78E88C8D41}.Debug|Any CPU.ActiveCfg = Debug|Any CPU
		{A235056E-0378-4A20-8DAF-3D78E88C8D41}.Debug|Any CPU.Build.0 = Debug|Any CPU
		{A235056E-0378-4A20-8DAF-3D78E88C8D41}.Release|Any CPU.ActiveCfg = Release|Any CPU
		{A235056E-0378-4A20-8DAF-3D78E88C8D41}.Release|Any CPU.Build.0 = Release|Any CPU
		{B79CD3FB-5B88-4A68-85A3-D8D191CCF5B5}.Debug|Any CPU.ActiveCfg = Debug|Any CPU
		{B79CD3FB-5B88-4A68-85A3-D8D191CCF5B5}.Debug|Any CPU.Build.0 = Debug|Any CPU
		{B79CD3FB-5B88-4A68-85A3-D8D191CCF5B5}.Release|Any CPU.ActiveCfg = Release|Any CPU
		{B79CD3FB-5B88-4A68-85A3-D8D191CCF5B5}.Release|Any CPU.Build.0 = Release|Any CPU
		{CE10C5B1-8A82-4F39-A4DF-FA2ED678BFBF}.Debug|Any CPU.ActiveCfg = Debug|Any CPU
		{CE10C5B1-8A82-4F39-A4DF-FA2ED678BFBF}.Debug|Any CPU.Build.0 = Debug|Any CPU
		{CE10C5B1-8A82-4F39-A4DF-FA2ED678BFBF}.Release|Any CPU.ActiveCfg = Release|Any CPU
		{CE10C5B1-8A82-4F39-A4DF-FA2ED678BFBF}.Release|Any CPU.Build.0 = Release|Any CPU
		{81A65A71-7D95-4623-B28D-C22327703932}.Debug|Any CPU.ActiveCfg = Debug|Any CPU
		{81A65A71-7D95-4623-B28D-C22327703932}.Debug|Any CPU.Build.0 = Debug|Any CPU
		{81A65A71-7D95-4623-B28D-C22327703932}.Release|Any CPU.ActiveCfg = Release|Any CPU
		{81A65A71-7D95-4623-B28D-C22327703932}.Release|Any CPU.Build.0 = Release|Any CPU
		{4FCD2D39-43E1-4F3B-9BC6-B7C16DA7F486}.Debug|Any CPU.ActiveCfg = Debug|Any CPU
		{4FCD2D39-43E1-4F3B-9BC6-B7C16DA7F486}.Debug|Any CPU.Build.0 = Debug|Any CPU
		{4FCD2D39-43E1-4F3B-9BC6-B7C16DA7F486}.Release|Any CPU.ActiveCfg = Release|Any CPU
		{4FCD2D39-43E1-4F3B-9BC6-B7C16DA7F486}.Release|Any CPU.Build.0 = Release|Any CPU
		{E9F6AF47-D69F-485F-815A-74EFD86038EA}.Debug|Any CPU.ActiveCfg = Debug|Any CPU
		{E9F6AF47-D69F-485F-815A-74EFD86038EA}.Debug|Any CPU.Build.0 = Debug|Any CPU
		{E9F6AF47-D69F-485F-815A-74EFD86038EA}.Release|Any CPU.ActiveCfg = Release|Any CPU
		{E9F6AF47-D69F-485F-815A-74EFD86038EA}.Release|Any CPU.Build.0 = Release|Any CPU
		{3A3BA24E-E39B-4F26-BE91-9F303A81CC7D}.Debug|Any CPU.ActiveCfg = Debug|Any CPU
		{3A3BA24E-E39B-4F26-BE91-9F303A81CC7D}.Debug|Any CPU.Build.0 = Debug|Any CPU
		{3A3BA24E-E39B-4F26-BE91-9F303A81CC7D}.Release|Any CPU.ActiveCfg = Release|Any CPU
		{3A3BA24E-E39B-4F26-BE91-9F303A81CC7D}.Release|Any CPU.Build.0 = Release|Any CPU
		{D4800CCE-A3F6-47A6-84BE-E4696227D7F4}.Debug|Any CPU.ActiveCfg = Debug|Any CPU
		{D4800CCE-A3F6-47A6-84BE-E4696227D7F4}.Debug|Any CPU.Build.0 = Debug|Any CPU
		{D4800CCE-A3F6-47A6-84BE-E4696227D7F4}.Release|Any CPU.ActiveCfg = Release|Any CPU
		{D4800CCE-A3F6-47A6-84BE-E4696227D7F4}.Release|Any CPU.Build.0 = Release|Any CPU
	EndGlobalSection
	GlobalSection(SolutionProperties) = preSolution
		HideSolutionNode = FALSE
	EndGlobalSection
EndGlobal
