
Microsoft Visual Studio Solution File, Format Version 12.00
# Visual Studio 14
VisualStudioVersion = 14.0.25420.1
MinimumVisualStudioVersion = 10.0.40219.1
Project("{FAE04EC0-301F-11D3-BF4B-00C04F79EFBC}") = "01 Exchange If Greater", "01 Exchange If Greater\01 Exchange If Greater.csproj", "{87022870-9CC0-467F-BD98-2877EC63B147}"
EndProject
Project("{FAE04EC0-301F-11D3-BF4B-00C04F79EFBC}") = "02 Bonus Score", "02 Bonus Score\02 Bonus Score.csproj", "{41BA5810-9C76-441F-89AC-CDE3650A76B9}"
EndProject
Project("{FAE04EC0-301F-11D3-BF4B-00C04F79EFBC}") = "03 Check for a Play Card", "03 Check for a Play Card\03 Check for a Play Card.csproj", "{56F85D5D-C357-4C40-9030-9833AC5ACDF9}"
EndProject
Project("{FAE04EC0-301F-11D3-BF4B-00C04F79EFBC}") = "04 Multiplication Sign", "04 Multiplication Sign\04 Multiplication Sign.csproj", "{CFB87CD8-688D-4A5B-BB6E-9D385489802A}"
EndProject
Project("{FAE04EC0-301F-11D3-BF4B-00C04F79EFBC}") = "05 The Biggest of 3 Numbers", "05 The Biggest of 3 Numbers\05 The Biggest of 3 Numbers.csproj", "{49C9DC0F-9522-4FAF-8B68-763B6B8FB50F}"
EndProject
Project("{FAE04EC0-301F-11D3-BF4B-00C04F79EFBC}") = "06 The Biggest of Five Numbers", "06 The Biggest of Five Numbers\06 The Biggest of Five Numbers.csproj", "{CE231BD4-502A-4C3F-B9E5-BBD9170CDB2C}"
EndProject
Project("{FAE04EC0-301F-11D3-BF4B-00C04F79EFBC}") = "07 Sort 3 Numbers with Nested Ifs", "07 Sort 3 Numbers with Nested Ifs\07 Sort 3 Numbers with Nested Ifs.csproj", "{AA595A0C-3A8C-4281-B966-5B0AECD6FC0F}"
EndProject
Project("{FAE04EC0-301F-11D3-BF4B-00C04F79EFBC}") = "08 Digit as Word", "ConsoleApplication1\08 Digit as Word.csproj", "{D35DD2A3-1CD7-4137-B0F2-B15022D87BF3}"
EndProject
Global
	GlobalSection(SolutionConfigurationPlatforms) = preSolution
		Debug|Any CPU = Debug|Any CPU
		Release|Any CPU = Release|Any CPU
	EndGlobalSection
	GlobalSection(ProjectConfigurationPlatforms) = postSolution
		{87022870-9CC0-467F-BD98-2877EC63B147}.Debug|Any CPU.ActiveCfg = Debug|Any CPU
		{87022870-9CC0-467F-BD98-2877EC63B147}.Debug|Any CPU.Build.0 = Debug|Any CPU
		{87022870-9CC0-467F-BD98-2877EC63B147}.Release|Any CPU.ActiveCfg = Release|Any CPU
		{87022870-9CC0-467F-BD98-2877EC63B147}.Release|Any CPU.Build.0 = Release|Any CPU
		{41BA5810-9C76-441F-89AC-CDE3650A76B9}.Debug|Any CPU.ActiveCfg = Debug|Any CPU
		{41BA5810-9C76-441F-89AC-CDE3650A76B9}.Debug|Any CPU.Build.0 = Debug|Any CPU
		{41BA5810-9C76-441F-89AC-CDE3650A76B9}.Release|Any CPU.ActiveCfg = Release|Any CPU
		{41BA5810-9C76-441F-89AC-CDE3650A76B9}.Release|Any CPU.Build.0 = Release|Any CPU
		{56F85D5D-C357-4C40-9030-9833AC5ACDF9}.Debug|Any CPU.ActiveCfg = Debug|Any CPU
		{56F85D5D-C357-4C40-9030-9833AC5ACDF9}.Debug|Any CPU.Build.0 = Debug|Any CPU
		{56F85D5D-C357-4C40-9030-9833AC5ACDF9}.Release|Any CPU.ActiveCfg = Release|Any CPU
		{56F85D5D-C357-4C40-9030-9833AC5ACDF9}.Release|Any CPU.Build.0 = Release|Any CPU
		{CFB87CD8-688D-4A5B-BB6E-9D385489802A}.Debug|Any CPU.ActiveCfg = Debug|Any CPU
		{CFB87CD8-688D-4A5B-BB6E-9D385489802A}.Debug|Any CPU.Build.0 = Debug|Any CPU
		{CFB87CD8-688D-4A5B-BB6E-9D385489802A}.Release|Any CPU.ActiveCfg = Release|Any CPU
		{CFB87CD8-688D-4A5B-BB6E-9D385489802A}.Release|Any CPU.Build.0 = Release|Any CPU
		{49C9DC0F-9522-4FAF-8B68-763B6B8FB50F}.Debug|Any CPU.ActiveCfg = Debug|Any CPU
		{49C9DC0F-9522-4FAF-8B68-763B6B8FB50F}.Debug|Any CPU.Build.0 = Debug|Any CPU
		{49C9DC0F-9522-4FAF-8B68-763B6B8FB50F}.Release|Any CPU.ActiveCfg = Release|Any CPU
		{49C9DC0F-9522-4FAF-8B68-763B6B8FB50F}.Release|Any CPU.Build.0 = Release|Any CPU
		{CE231BD4-502A-4C3F-B9E5-BBD9170CDB2C}.Debug|Any CPU.ActiveCfg = Debug|Any CPU
		{CE231BD4-502A-4C3F-B9E5-BBD9170CDB2C}.Debug|Any CPU.Build.0 = Debug|Any CPU
		{CE231BD4-502A-4C3F-B9E5-BBD9170CDB2C}.Release|Any CPU.ActiveCfg = Release|Any CPU
		{CE231BD4-502A-4C3F-B9E5-BBD9170CDB2C}.Release|Any CPU.Build.0 = Release|Any CPU
		{AA595A0C-3A8C-4281-B966-5B0AECD6FC0F}.Debug|Any CPU.ActiveCfg = Debug|Any CPU
		{AA595A0C-3A8C-4281-B966-5B0AECD6FC0F}.Debug|Any CPU.Build.0 = Debug|Any CPU
		{AA595A0C-3A8C-4281-B966-5B0AECD6FC0F}.Release|Any CPU.ActiveCfg = Release|Any CPU
		{AA595A0C-3A8C-4281-B966-5B0AECD6FC0F}.Release|Any CPU.Build.0 = Release|Any CPU
		{D35DD2A3-1CD7-4137-B0F2-B15022D87BF3}.Debug|Any CPU.ActiveCfg = Debug|Any CPU
		{D35DD2A3-1CD7-4137-B0F2-B15022D87BF3}.Debug|Any CPU.Build.0 = Debug|Any CPU
		{D35DD2A3-1CD7-4137-B0F2-B15022D87BF3}.Release|Any CPU.ActiveCfg = Release|Any CPU
		{D35DD2A3-1CD7-4137-B0F2-B15022D87BF3}.Release|Any CPU.Build.0 = Release|Any CPU
	EndGlobalSection
	GlobalSection(SolutionProperties) = preSolution
		HideSolutionNode = FALSE
	EndGlobalSection
EndGlobal
