
Microsoft Visual Studio Solution File, Format Version 12.00
# Visual Studio 14
VisualStudioVersion = 14.0.25420.1
MinimumVisualStudioVersion = 10.0.40219.1
Project("{FAE04EC0-301F-11D3-BF4B-00C04F79EFBC}") = "01 Exchange If Greater", "01 Exchange If Greater\01 Exchange If Greater.csproj", "{87022870-9CC0-467F-BD98-2877EC63B147}"
EndProject
Project("{FAE04EC0-301F-11D3-BF4B-00C04F79EFBC}") = "02 Bonus Score", "02 Bonus Score\02 Bonus Score.csproj", "{41BA5810-9C76-441F-89AC-CDE3650A76B9}"
EndProject
Global
	GlobalSection(SolutionConfigurationPlatforms) = preSolution
		Debug|Any CPU = Debug|Any CPU
		Release|Any CPU = Release|Any CPU
	EndGlobalSection
	GlobalSection(ProjectConfigurationPlatforms) = postSolution
		{87022870-9CC0-467F-BD98-2877EC63B147}.Debug|Any CPU.ActiveCfg = Debug|Any CPU
		{87022870-9CC0-467F-BD98-2877EC63B147}.Debug|Any CPU.Build.0 = Debug|Any CPU
		{87022870-9CC0-467F-BD98-2877EC63B147}.Release|Any CPU.ActiveCfg = Release|Any CPU
		{87022870-9CC0-467F-BD98-2877EC63B147}.Release|Any CPU.Build.0 = Release|Any CPU
		{41BA5810-9C76-441F-89AC-CDE3650A76B9}.Debug|Any CPU.ActiveCfg = Debug|Any CPU
		{41BA5810-9C76-441F-89AC-CDE3650A76B9}.Debug|Any CPU.Build.0 = Debug|Any CPU
		{41BA5810-9C76-441F-89AC-CDE3650A76B9}.Release|Any CPU.ActiveCfg = Release|Any CPU
		{41BA5810-9C76-441F-89AC-CDE3650A76B9}.Release|Any CPU.Build.0 = Release|Any CPU
	EndGlobalSection
	GlobalSection(SolutionProperties) = preSolution
		HideSolutionNode = FALSE
	EndGlobalSection
EndGlobal
