
Microsoft Visual Studio Solution File, Format Version 12.00
# Visual Studio 14
VisualStudioVersion = 14.0.25420.1
MinimumVisualStudioVersion = 10.0.40219.1
Project("{FAE04EC0-301F-11D3-BF4B-00C04F79EFBC}") = "01 Odd or Even Integers", "01 Odd or Even Integers\01 Odd or Even Integers.csproj", "{7AB1689E-CC61-479D-953A-75BB7F527D74}"
EndProject
Project("{FAE04EC0-301F-11D3-BF4B-00C04F79EFBC}") = "02 Gravitation on the Moon", "02 Gravitation on the Moon\02 Gravitation on the Moon.csproj", "{BAE92F37-485F-4F01-8ADA-BFD2D5725788}"
EndProject
Project("{FAE04EC0-301F-11D3-BF4B-00C04F79EFBC}") = "03 Divide by 7 and 5", "03 Divide by 7 and 5\03 Divide by 7 and 5.csproj", "{A9796A06-2851-42D7-A001-33FE2D8F0ABB}"
EndProject
Project("{FAE04EC0-301F-11D3-BF4B-00C04F79EFBC}") = "04 Rectangles", "04 Rectangles\04 Rectangles.csproj", "{565BA60B-C4CA-4F4B-AEE2-7E983734C7D1}"
EndProject
Project("{FAE04EC0-301F-11D3-BF4B-00C04F79EFBC}") = "05 Third Digit is 7", "05 Third Digit is 7\05 Third Digit is 7.csproj", "{829A9490-96E8-48A5-ACB1-84E05E9AE2B3}"
EndProject
Project("{FAE04EC0-301F-11D3-BF4B-00C04F79EFBC}") = "06 Four-Digit Number", "06 Four-Digit Number\06 Four-Digit Number.csproj", "{2CFA4C1E-8C98-4027-89DF-CCE899BD8466}"
EndProject
Project("{FAE04EC0-301F-11D3-BF4B-00C04F79EFBC}") = "07 Point in a Circle", "07 Point in a Circle\07 Point in a Circle.csproj", "{8E758F93-10CA-43E3-B628-64038CEDD1D5}"
EndProject
Global
	GlobalSection(SolutionConfigurationPlatforms) = preSolution
		Debug|Any CPU = Debug|Any CPU
		Release|Any CPU = Release|Any CPU
	EndGlobalSection
	GlobalSection(ProjectConfigurationPlatforms) = postSolution
		{7AB1689E-CC61-479D-953A-75BB7F527D74}.Debug|Any CPU.ActiveCfg = Debug|Any CPU
		{7AB1689E-CC61-479D-953A-75BB7F527D74}.Debug|Any CPU.Build.0 = Debug|Any CPU
		{7AB1689E-CC61-479D-953A-75BB7F527D74}.Release|Any CPU.ActiveCfg = Release|Any CPU
		{7AB1689E-CC61-479D-953A-75BB7F527D74}.Release|Any CPU.Build.0 = Release|Any CPU
		{BAE92F37-485F-4F01-8ADA-BFD2D5725788}.Debug|Any CPU.ActiveCfg = Debug|Any CPU
		{BAE92F37-485F-4F01-8ADA-BFD2D5725788}.Debug|Any CPU.Build.0 = Debug|Any CPU
		{BAE92F37-485F-4F01-8ADA-BFD2D5725788}.Release|Any CPU.ActiveCfg = Release|Any CPU
		{BAE92F37-485F-4F01-8ADA-BFD2D5725788}.Release|Any CPU.Build.0 = Release|Any CPU
		{A9796A06-2851-42D7-A001-33FE2D8F0ABB}.Debug|Any CPU.ActiveCfg = Debug|Any CPU
		{A9796A06-2851-42D7-A001-33FE2D8F0ABB}.Debug|Any CPU.Build.0 = Debug|Any CPU
		{A9796A06-2851-42D7-A001-33FE2D8F0ABB}.Release|Any CPU.ActiveCfg = Release|Any CPU
		{A9796A06-2851-42D7-A001-33FE2D8F0ABB}.Release|Any CPU.Build.0 = Release|Any CPU
		{565BA60B-C4CA-4F4B-AEE2-7E983734C7D1}.Debug|Any CPU.ActiveCfg = Debug|Any CPU
		{565BA60B-C4CA-4F4B-AEE2-7E983734C7D1}.Debug|Any CPU.Build.0 = Debug|Any CPU
		{565BA60B-C4CA-4F4B-AEE2-7E983734C7D1}.Release|Any CPU.ActiveCfg = Release|Any CPU
		{565BA60B-C4CA-4F4B-AEE2-7E983734C7D1}.Release|Any CPU.Build.0 = Release|Any CPU
		{829A9490-96E8-48A5-ACB1-84E05E9AE2B3}.Debug|Any CPU.ActiveCfg = Debug|Any CPU
		{829A9490-96E8-48A5-ACB1-84E05E9AE2B3}.Debug|Any CPU.Build.0 = Debug|Any CPU
		{829A9490-96E8-48A5-ACB1-84E05E9AE2B3}.Release|Any CPU.ActiveCfg = Release|Any CPU
		{829A9490-96E8-48A5-ACB1-84E05E9AE2B3}.Release|Any CPU.Build.0 = Release|Any CPU
		{2CFA4C1E-8C98-4027-89DF-CCE899BD8466}.Debug|Any CPU.ActiveCfg = Debug|Any CPU
		{2CFA4C1E-8C98-4027-89DF-CCE899BD8466}.Debug|Any CPU.Build.0 = Debug|Any CPU
		{2CFA4C1E-8C98-4027-89DF-CCE899BD8466}.Release|Any CPU.ActiveCfg = Release|Any CPU
		{2CFA4C1E-8C98-4027-89DF-CCE899BD8466}.Release|Any CPU.Build.0 = Release|Any CPU
		{8E758F93-10CA-43E3-B628-64038CEDD1D5}.Debug|Any CPU.ActiveCfg = Debug|Any CPU
		{8E758F93-10CA-43E3-B628-64038CEDD1D5}.Debug|Any CPU.Build.0 = Debug|Any CPU
		{8E758F93-10CA-43E3-B628-64038CEDD1D5}.Release|Any CPU.ActiveCfg = Release|Any CPU
		{8E758F93-10CA-43E3-B628-64038CEDD1D5}.Release|Any CPU.Build.0 = Release|Any CPU
	EndGlobalSection
	GlobalSection(SolutionProperties) = preSolution
		HideSolutionNode = FALSE
	EndGlobalSection
EndGlobal
