
Microsoft Visual Studio Solution File, Format Version 12.00
# Visual Studio 14
VisualStudioVersion = 14.0.25420.1
MinimumVisualStudioVersion = 10.0.40219.1
Project("{FAE04EC0-301F-11D3-BF4B-00C04F79EFBC}") = "01 Odd or Even Integers", "01 Odd or Even Integers\01 Odd or Even Integers.csproj", "{7AB1689E-CC61-479D-953A-75BB7F527D74}"
EndProject
Project("{FAE04EC0-301F-11D3-BF4B-00C04F79EFBC}") = "02 Gravitation on the Moon", "02 Gravitation on the Moon\02 Gravitation on the Moon.csproj", "{BAE92F37-485F-4F01-8ADA-BFD2D5725788}"
EndProject
Project("{FAE04EC0-301F-11D3-BF4B-00C04F79EFBC}") = "03 Divide by 7 and 5", "03 Divide by 7 and 5\03 Divide by 7 and 5.csproj", "{A9796A06-2851-42D7-A001-33FE2D8F0ABB}"
EndProject
Project("{FAE04EC0-301F-11D3-BF4B-00C04F79EFBC}") = "04 Rectangles", "04 Rectangles\04 Rectangles.csproj", "{565BA60B-C4CA-4F4B-AEE2-7E983734C7D1}"
EndProject
Project("{FAE04EC0-301F-11D3-BF4B-00C04F79EFBC}") = "05 Third Digit is 7", "05 Third Digit is 7\05 Third Digit is 7.csproj", "{829A9490-96E8-48A5-ACB1-84E05E9AE2B3}"
EndProject
Project("{FAE04EC0-301F-11D3-BF4B-00C04F79EFBC}") = "06 Four-Digit Number", "06 Four-Digit Number\06 Four-Digit Number.csproj", "{2CFA4C1E-8C98-4027-89DF-CCE899BD8466}"
EndProject
Project("{FAE04EC0-301F-11D3-BF4B-00C04F79EFBC}") = "07 Point in a Circle", "07 Point in a Circle\07 Point in a Circle.csproj", "{8E758F93-10CA-43E3-B628-64038CEDD1D5}"
EndProject
Project("{FAE04EC0-301F-11D3-BF4B-00C04F79EFBC}") = "08 Prime Number Check", "08 Prime Number Check\08 Prime Number Check.csproj", "{324BA6B8-E013-485F-81F6-B327FD591C94}"
EndProject
Project("{FAE04EC0-301F-11D3-BF4B-00C04F79EFBC}") = "09 Trapezoids", "09 Trapezoids\09 Trapezoids.csproj", "{546CE2BE-E5BC-4B53-9170-2B6E9BBB5673}"
EndProject
Project("{FAE04EC0-301F-11D3-BF4B-00C04F79EFBC}") = "10 Inside and Outside", "10 Inside and Outside\10 Inside and Outside.csproj", "{DCAF92D3-7552-41A8-9D59-89767E98AC21}"
EndProject
Project("{FAE04EC0-301F-11D3-BF4B-00C04F79EFBC}") = "11 Bitwise Extract Bit 3", "11 Bitwise Extract Bit 3\11 Bitwise Extract Bit 3.csproj", "{F89B4648-FCCA-4516-9746-12295F83404C}"
EndProject
Project("{FAE04EC0-301F-11D3-BF4B-00C04F79EFBC}") = "12 Extract Bit from Integer", "12 Extract Bit from Integer\12 Extract Bit from Integer.csproj", "{B133107E-2439-4AF7-8B67-BEF841E6D27D}"
EndProject
Project("{FAE04EC0-301F-11D3-BF4B-00C04F79EFBC}") = "13 Check a Bit at Given Position", "13 Check a Bit at Given Position\13 Check a Bit at Given Position.csproj", "{B4C801C9-6172-4632-865B-BDAE8FBCA214}"
EndProject
Project("{FAE04EC0-301F-11D3-BF4B-00C04F79EFBC}") = "14 Modify a Bit at Given Position", "14 Modify a Bit at Given Position\14 Modify a Bit at Given Position.csproj", "{6E4E2F3E-A680-4A96-8BB2-9D46ECC07368}"
EndProject
Global
	GlobalSection(SolutionConfigurationPlatforms) = preSolution
		Debug|Any CPU = Debug|Any CPU
		Release|Any CPU = Release|Any CPU
	EndGlobalSection
	GlobalSection(ProjectConfigurationPlatforms) = postSolution
		{7AB1689E-CC61-479D-953A-75BB7F527D74}.Debug|Any CPU.ActiveCfg = Debug|Any CPU
		{7AB1689E-CC61-479D-953A-75BB7F527D74}.Debug|Any CPU.Build.0 = Debug|Any CPU
		{7AB1689E-CC61-479D-953A-75BB7F527D74}.Release|Any CPU.ActiveCfg = Release|Any CPU
		{7AB1689E-CC61-479D-953A-75BB7F527D74}.Release|Any CPU.Build.0 = Release|Any CPU
		{BAE92F37-485F-4F01-8ADA-BFD2D5725788}.Debug|Any CPU.ActiveCfg = Debug|Any CPU
		{BAE92F37-485F-4F01-8ADA-BFD2D5725788}.Debug|Any CPU.Build.0 = Debug|Any CPU
		{BAE92F37-485F-4F01-8ADA-BFD2D5725788}.Release|Any CPU.ActiveCfg = Release|Any CPU
		{BAE92F37-485F-4F01-8ADA-BFD2D5725788}.Release|Any CPU.Build.0 = Release|Any CPU
		{A9796A06-2851-42D7-A001-33FE2D8F0ABB}.Debug|Any CPU.ActiveCfg = Debug|Any CPU
		{A9796A06-2851-42D7-A001-33FE2D8F0ABB}.Debug|Any CPU.Build.0 = Debug|Any CPU
		{A9796A06-2851-42D7-A001-33FE2D8F0ABB}.Release|Any CPU.ActiveCfg = Release|Any CPU
		{A9796A06-2851-42D7-A001-33FE2D8F0ABB}.Release|Any CPU.Build.0 = Release|Any CPU
		{565BA60B-C4CA-4F4B-AEE2-7E983734C7D1}.Debug|Any CPU.ActiveCfg = Debug|Any CPU
		{565BA60B-C4CA-4F4B-AEE2-7E983734C7D1}.Debug|Any CPU.Build.0 = Debug|Any CPU
		{565BA60B-C4CA-4F4B-AEE2-7E983734C7D1}.Release|Any CPU.ActiveCfg = Release|Any CPU
		{565BA60B-C4CA-4F4B-AEE2-7E983734C7D1}.Release|Any CPU.Build.0 = Release|Any CPU
		{829A9490-96E8-48A5-ACB1-84E05E9AE2B3}.Debug|Any CPU.ActiveCfg = Debug|Any CPU
		{829A9490-96E8-48A5-ACB1-84E05E9AE2B3}.Debug|Any CPU.Build.0 = Debug|Any CPU
		{829A9490-96E8-48A5-ACB1-84E05E9AE2B3}.Release|Any CPU.ActiveCfg = Release|Any CPU
		{829A9490-96E8-48A5-ACB1-84E05E9AE2B3}.Release|Any CPU.Build.0 = Release|Any CPU
		{2CFA4C1E-8C98-4027-89DF-CCE899BD8466}.Debug|Any CPU.ActiveCfg = Debug|Any CPU
		{2CFA4C1E-8C98-4027-89DF-CCE899BD8466}.Debug|Any CPU.Build.0 = Debug|Any CPU
		{2CFA4C1E-8C98-4027-89DF-CCE899BD8466}.Release|Any CPU.ActiveCfg = Release|Any CPU
		{2CFA4C1E-8C98-4027-89DF-CCE899BD8466}.Release|Any CPU.Build.0 = Release|Any CPU
		{8E758F93-10CA-43E3-B628-64038CEDD1D5}.Debug|Any CPU.ActiveCfg = Debug|Any CPU
		{8E758F93-10CA-43E3-B628-64038CEDD1D5}.Debug|Any CPU.Build.0 = Debug|Any CPU
		{8E758F93-10CA-43E3-B628-64038CEDD1D5}.Release|Any CPU.ActiveCfg = Release|Any CPU
		{8E758F93-10CA-43E3-B628-64038CEDD1D5}.Release|Any CPU.Build.0 = Release|Any CPU
		{324BA6B8-E013-485F-81F6-B327FD591C94}.Debug|Any CPU.ActiveCfg = Debug|Any CPU
		{324BA6B8-E013-485F-81F6-B327FD591C94}.Debug|Any CPU.Build.0 = Debug|Any CPU
		{324BA6B8-E013-485F-81F6-B327FD591C94}.Release|Any CPU.ActiveCfg = Release|Any CPU
		{324BA6B8-E013-485F-81F6-B327FD591C94}.Release|Any CPU.Build.0 = Release|Any CPU
		{546CE2BE-E5BC-4B53-9170-2B6E9BBB5673}.Debug|Any CPU.ActiveCfg = Debug|Any CPU
		{546CE2BE-E5BC-4B53-9170-2B6E9BBB5673}.Debug|Any CPU.Build.0 = Debug|Any CPU
		{546CE2BE-E5BC-4B53-9170-2B6E9BBB5673}.Release|Any CPU.ActiveCfg = Release|Any CPU
		{546CE2BE-E5BC-4B53-9170-2B6E9BBB5673}.Release|Any CPU.Build.0 = Release|Any CPU
		{DCAF92D3-7552-41A8-9D59-89767E98AC21}.Debug|Any CPU.ActiveCfg = Debug|Any CPU
		{DCAF92D3-7552-41A8-9D59-89767E98AC21}.Debug|Any CPU.Build.0 = Debug|Any CPU
		{DCAF92D3-7552-41A8-9D59-89767E98AC21}.Release|Any CPU.ActiveCfg = Release|Any CPU
		{DCAF92D3-7552-41A8-9D59-89767E98AC21}.Release|Any CPU.Build.0 = Release|Any CPU
		{F89B4648-FCCA-4516-9746-12295F83404C}.Debug|Any CPU.ActiveCfg = Debug|Any CPU
		{F89B4648-FCCA-4516-9746-12295F83404C}.Debug|Any CPU.Build.0 = Debug|Any CPU
		{F89B4648-FCCA-4516-9746-12295F83404C}.Release|Any CPU.ActiveCfg = Release|Any CPU
		{F89B4648-FCCA-4516-9746-12295F83404C}.Release|Any CPU.Build.0 = Release|Any CPU
		{B133107E-2439-4AF7-8B67-BEF841E6D27D}.Debug|Any CPU.ActiveCfg = Debug|Any CPU
		{B133107E-2439-4AF7-8B67-BEF841E6D27D}.Debug|Any CPU.Build.0 = Debug|Any CPU
		{B133107E-2439-4AF7-8B67-BEF841E6D27D}.Release|Any CPU.ActiveCfg = Release|Any CPU
		{B133107E-2439-4AF7-8B67-BEF841E6D27D}.Release|Any CPU.Build.0 = Release|Any CPU
		{B4C801C9-6172-4632-865B-BDAE8FBCA214}.Debug|Any CPU.ActiveCfg = Debug|Any CPU
		{B4C801C9-6172-4632-865B-BDAE8FBCA214}.Debug|Any CPU.Build.0 = Debug|Any CPU
		{B4C801C9-6172-4632-865B-BDAE8FBCA214}.Release|Any CPU.ActiveCfg = Release|Any CPU
		{B4C801C9-6172-4632-865B-BDAE8FBCA214}.Release|Any CPU.Build.0 = Release|Any CPU
		{6E4E2F3E-A680-4A96-8BB2-9D46ECC07368}.Debug|Any CPU.ActiveCfg = Debug|Any CPU
		{6E4E2F3E-A680-4A96-8BB2-9D46ECC07368}.Debug|Any CPU.Build.0 = Debug|Any CPU
		{6E4E2F3E-A680-4A96-8BB2-9D46ECC07368}.Release|Any CPU.ActiveCfg = Release|Any CPU
		{6E4E2F3E-A680-4A96-8BB2-9D46ECC07368}.Release|Any CPU.Build.0 = Release|Any CPU
	EndGlobalSection
	GlobalSection(SolutionProperties) = preSolution
		HideSolutionNode = FALSE
	EndGlobalSection
EndGlobal
